
Microsoft Visual Studio Solution File, Format Version 12.00
# Visual Studio Version 17
VisualStudioVersion = 17.7.34031.279
MinimumVisualStudioVersion = 10.0.40219.1
Project("{FAE04EC0-301F-11D3-BF4B-00C04F79EFBC}") = "Pregunta_12", "Pregunta_12\Pregunta_12.csproj", "{7A242A31-CE3B-447C-8BFE-237F14E373FA}"
EndProject
Global
	GlobalSection(SolutionConfigurationPlatforms) = preSolution
		Debug|Any CPU = Debug|Any CPU
		Release|Any CPU = Release|Any CPU
	EndGlobalSection
	GlobalSection(ProjectConfigurationPlatforms) = postSolution
		{7A242A31-CE3B-447C-8BFE-237F14E373FA}.Debug|Any CPU.ActiveCfg = Debug|Any CPU
		{7A242A31-CE3B-447C-8BFE-237F14E373FA}.Debug|Any CPU.Build.0 = Debug|Any CPU
		{7A242A31-CE3B-447C-8BFE-237F14E373FA}.Release|Any CPU.ActiveCfg = Release|Any CPU
		{7A242A31-CE3B-447C-8BFE-237F14E373FA}.Release|Any CPU.Build.0 = Release|Any CPU
	EndGlobalSection
	GlobalSection(SolutionProperties) = preSolution
		HideSolutionNode = FALSE
	EndGlobalSection
	GlobalSection(ExtensibilityGlobals) = postSolution
		SolutionGuid = {F2DD4908-64F9-4440-AAE5-DE5830A88F04}
	EndGlobalSection
EndGlobal
