
Microsoft Visual Studio Solution File, Format Version 12.00
# Visual Studio Version 17
VisualStudioVersion = 17.7.34031.279
MinimumVisualStudioVersion = 10.0.40219.1
Project("{FAE04EC0-301F-11D3-BF4B-00C04F79EFBC}") = "OperadoresLogicos", "OperadoresLogicos\OperadoresLogicos.csproj", "{2C4A5E62-038E-4CB5-908E-C4F2E7F37493}"
EndProject
Global
	GlobalSection(SolutionConfigurationPlatforms) = preSolution
		Debug|Any CPU = Debug|Any CPU
		Release|Any CPU = Release|Any CPU
	EndGlobalSection
	GlobalSection(ProjectConfigurationPlatforms) = postSolution
		{2C4A5E62-038E-4CB5-908E-C4F2E7F37493}.Debug|Any CPU.ActiveCfg = Debug|Any CPU
		{2C4A5E62-038E-4CB5-908E-C4F2E7F37493}.Debug|Any CPU.Build.0 = Debug|Any CPU
		{2C4A5E62-038E-4CB5-908E-C4F2E7F37493}.Release|Any CPU.ActiveCfg = Release|Any CPU
		{2C4A5E62-038E-4CB5-908E-C4F2E7F37493}.Release|Any CPU.Build.0 = Release|Any CPU
	EndGlobalSection
	GlobalSection(SolutionProperties) = preSolution
		HideSolutionNode = FALSE
	EndGlobalSection
	GlobalSection(ExtensibilityGlobals) = postSolution
		SolutionGuid = {38822768-2A10-485E-9D71-D28D623B33E6}
	EndGlobalSection
EndGlobal
